
Microsoft Visual Studio Solution File, Format Version 12.00
# Visual Studio Version 17
VisualStudioVersion = 17.11.35327.3
MinimumVisualStudioVersion = 10.0.40219.1
Project("{FAE04EC0-301F-11D3-BF4B-00C04F79EFBC}") = "HW_ASP_8.2", "HW_ASP_8.2.csproj", "{AE3A9857-6DC9-493A-AD05-F974D467BDFB}"
EndProject
Global
	GlobalSection(SolutionConfigurationPlatforms) = preSolution
		Debug|Any CPU = Debug|Any CPU
		Release|Any CPU = Release|Any CPU
	EndGlobalSection
	GlobalSection(ProjectConfigurationPlatforms) = postSolution
		{AE3A9857-6DC9-493A-AD05-F974D467BDFB}.Debug|Any CPU.ActiveCfg = Debug|Any CPU
		{AE3A9857-6DC9-493A-AD05-F974D467BDFB}.Debug|Any CPU.Build.0 = Debug|Any CPU
		{AE3A9857-6DC9-493A-AD05-F974D467BDFB}.Release|Any CPU.ActiveCfg = Release|Any CPU
		{AE3A9857-6DC9-493A-AD05-F974D467BDFB}.Release|Any CPU.Build.0 = Release|Any CPU
	EndGlobalSection
	GlobalSection(SolutionProperties) = preSolution
		HideSolutionNode = FALSE
	EndGlobalSection
	GlobalSection(ExtensibilityGlobals) = postSolution
		SolutionGuid = {9B6DE005-D4A6-4B5D-850F-C2C34A0E16A3}
	EndGlobalSection
EndGlobal
